// !$*UTF8*$!
{
	archiveVersion = 1;
	classes = {
	};
	objectVersion = 46;
	objects = {

/* Begin PBXBuildFile section */
		C3A41F8D1CC92B8A00EFEE93 /* AppDelegate.swift in Sources */ = {isa = PBXBuildFile; fileRef = C3A41F8C1CC92B8A00EFEE93 /* AppDelegate.swift */; };
		C3A41F8F1CC92B8A00EFEE93 /* ViewController.swift in Sources */ = {isa = PBXBuildFile; fileRef = C3A41F8E1CC92B8A00EFEE93 /* ViewController.swift */; };
		C3A41F921CC92B8A00EFEE93 /* Main.storyboard in Resources */ = {isa = PBXBuildFile; fileRef = C3A41F901CC92B8A00EFEE93 /* Main.storyboard */; };
		C3A41F941CC92B8A00EFEE93 /* Assets.xcassets in Resources */ = {isa = PBXBuildFile; fileRef = C3A41F931CC92B8A00EFEE93 /* Assets.xcassets */; };
		C3A41F971CC92B8A00EFEE93 /* LaunchScreen.storyboard in Resources */ = {isa = PBXBuildFile; fileRef = C3A41F951CC92B8A00EFEE93 /* LaunchScreen.storyboard */; };
		C3A41FA21CC92B8A00EFEE93 /* TechflixAndChillTests.swift in Sources */ = {isa = PBXBuildFile; fileRef = C3A41FA11CC92B8A00EFEE93 /* TechflixAndChillTests.swift */; };
		C3A41FAD1CC92B8A00EFEE93 /* TechflixAndChillUITests.swift in Sources */ = {isa = PBXBuildFile; fileRef = C3A41FAC1CC92B8A00EFEE93 /* TechflixAndChillUITests.swift */; };
/* End PBXBuildFile section */

/* Begin PBXContainerItemProxy section */
		C3A41F9E1CC92B8A00EFEE93 /* PBXContainerItemProxy */ = {
			isa = PBXContainerItemProxy;
			containerPortal = C3A41F811CC92B8A00EFEE93 /* Project object */;
			proxyType = 1;
			remoteGlobalIDString = C3A41F881CC92B8A00EFEE93;
			remoteInfo = TechflixAndChill;
		};
		C3A41FA91CC92B8A00EFEE93 /* PBXContainerItemProxy */ = {
			isa = PBXContainerItemProxy;
			containerPortal = C3A41F811CC92B8A00EFEE93 /* Project object */;
			proxyType = 1;
			remoteGlobalIDString = C3A41F881CC92B8A00EFEE93;
			remoteInfo = TechflixAndChill;
		};
/* End PBXContainerItemProxy section */

/* Begin PBXFileReference section */
		C3A41F891CC92B8A00EFEE93 /* TechflixAndChill.app */ = {isa = PBXFileReference; explicitFileType = wrapper.application; includeInIndex = 0; path = TechflixAndChill.app; sourceTree = BUILT_PRODUCTS_DIR; };
		C3A41F8C1CC92B8A00EFEE93 /* AppDelegate.swift */ = {isa = PBXFileReference; lastKnownFileType = sourcecode.swift; path = AppDelegate.swift; sourceTree = "<group>"; };
		C3A41F8E1CC92B8A00EFEE93 /* ViewController.swift */ = {isa = PBXFileReference; lastKnownFileType = sourcecode.swift; path = ViewController.swift; sourceTree = "<group>"; };
		C3A41F911CC92B8A00EFEE93 /* Base */ = {isa = PBXFileReference; lastKnownFileType = file.storyboard; name = Base; path = Base.lproj/Main.storyboard; sourceTree = "<group>"; };
		C3A41F931CC92B8A00EFEE93 /* Assets.xcassets */ = {isa = PBXFileReference; lastKnownFileType = folder.assetcatalog; path = Assets.xcassets; sourceTree = "<group>"; };
		C3A41F961CC92B8A00EFEE93 /* Base */ = {isa = PBXFileReference; lastKnownFileType = file.storyboard; name = Base; path = Base.lproj/LaunchScreen.storyboard; sourceTree = "<group>"; };
		C3A41F981CC92B8A00EFEE93 /* Info.plist */ = {isa = PBXFileReference; lastKnownFileType = text.plist.xml; path = Info.plist; sourceTree = "<group>"; };
		C3A41F9D1CC92B8A00EFEE93 /* TechflixAndChillTests.xctest */ = {isa = PBXFileReference; explicitFileType = wrapper.cfbundle; includeInIndex = 0; path = TechflixAndChillTests.xctest; sourceTree = BUILT_PRODUCTS_DIR; };
		C3A41FA11CC92B8A00EFEE93 /* TechflixAndChillTests.swift */ = {isa = PBXFileReference; lastKnownFileType = sourcecode.swift; path = TechflixAndChillTests.swift; sourceTree = "<group>"; };
		C3A41FA31CC92B8A00EFEE93 /* Info.plist */ = {isa = PBXFileReference; lastKnownFileType = text.plist.xml; path = Info.plist; sourceTree = "<group>"; };
		C3A41FA81CC92B8A00EFEE93 /* TechflixAndChillUITests.xctest */ = {isa = PBXFileReference; explicitFileType = wrapper.cfbundle; includeInIndex = 0; path = TechflixAndChillUITests.xctest; sourceTree = BUILT_PRODUCTS_DIR; };
		C3A41FAC1CC92B8A00EFEE93 /* TechflixAndChillUITests.swift */ = {isa = PBXFileReference; lastKnownFileType = sourcecode.swift; path = TechflixAndChillUITests.swift; sourceTree = "<group>"; };
		C3A41FAE1CC92B8A00EFEE93 /* Info.plist */ = {isa = PBXFileReference; lastKnownFileType = text.plist.xml; path = Info.plist; sourceTree = "<group>"; };
/* End PBXFileReference section */

/* Begin PBXFrameworksBuildPhase section */
		C3A41F861CC92B8A00EFEE93 /* Frameworks */ = {
			isa = PBXFrameworksBuildPhase;
			buildActionMask = 2147483647;
			files = (
			);
			runOnlyForDeploymentPostprocessing = 0;
		};
		C3A41F9A1CC92B8A00EFEE93 /* Frameworks */ = {
			isa = PBXFrameworksBuildPhase;
			buildActionMask = 2147483647;
			files = (
			);
			runOnlyForDeploymentPostprocessing = 0;
		};
		C3A41FA51CC92B8A00EFEE93 /* Frameworks */ = {
			isa = PBXFrameworksBuildPhase;
			buildActionMask = 2147483647;
			files = (
			);
			runOnlyForDeploymentPostprocessing = 0;
		};
/* End PBXFrameworksBuildPhase section */

/* Begin PBXGroup section */
		C3A41F801CC92B8A00EFEE93 = {
			isa = PBXGroup;
			children = (
				C3A41F8B1CC92B8A00EFEE93 /* TechflixAndChill */,
				C3A41FA01CC92B8A00EFEE93 /* TechflixAndChillTests */,
				C3A41FAB1CC92B8A00EFEE93 /* TechflixAndChillUITests */,
				C3A41F8A1CC92B8A00EFEE93 /* Products */,
			);
			sourceTree = "<group>";
		};
		C3A41F8A1CC92B8A00EFEE93 /* Products */ = {
			isa = PBXGroup;
			children = (
				C3A41F891CC92B8A00EFEE93 /* TechflixAndChill.app */,
				C3A41F9D1CC92B8A00EFEE93 /* TechflixAndChillTests.xctest */,
				C3A41FA81CC92B8A00EFEE93 /* TechflixAndChillUITests.xctest */,
			);
			name = Products;
			sourceTree = "<group>";
		};
		C3A41F8B1CC92B8A00EFEE93 /* TechflixAndChill */ = {
			isa = PBXGroup;
			children = (
				C3A41F8C1CC92B8A00EFEE93 /* AppDelegate.swift */,
				C3A41F8E1CC92B8A00EFEE93 /* ViewController.swift */,
				C3A41F901CC92B8A00EFEE93 /* Main.storyboard */,
				C3A41F931CC92B8A00EFEE93 /* Assets.xcassets */,
				C3A41F951CC92B8A00EFEE93 /* LaunchScreen.storyboard */,
				C3A41F981CC92B8A00EFEE93 /* Info.plist */,
			);
			path = TechflixAndChill;
			sourceTree = "<group>";
		};
		C3A41FA01CC92B8A00EFEE93 /* TechflixAndChillTests */ = {
			isa = PBXGroup;
			children = (
				C3A41FA11CC92B8A00EFEE93 /* TechflixAndChillTests.swift */,
				C3A41FA31CC92B8A00EFEE93 /* Info.plist */,
			);
			path = TechflixAndChillTests;
			sourceTree = "<group>";
		};
		C3A41FAB1CC92B8A00EFEE93 /* TechflixAndChillUITests */ = {
			isa = PBXGroup;
			children = (
				C3A41FAC1CC92B8A00EFEE93 /* TechflixAndChillUITests.swift */,
				C3A41FAE1CC92B8A00EFEE93 /* Info.plist */,
			);
			path = TechflixAndChillUITests;
			sourceTree = "<group>";
		};
/* End PBXGroup section */

/* Begin PBXNativeTarget section */
		C3A41F881CC92B8A00EFEE93 /* TechflixAndChill */ = {
			isa = PBXNativeTarget;
			buildConfigurationList = C3A41FB11CC92B8A00EFEE93 /* Build configuration list for PBXNativeTarget "TechflixAndChill" */;
			buildPhases = (
				C3A41F851CC92B8A00EFEE93 /* Sources */,
				C3A41F861CC92B8A00EFEE93 /* Frameworks */,
				C3A41F871CC92B8A00EFEE93 /* Resources */,
			);
			buildRules = (
			);
			dependencies = (
			);
			name = TechflixAndChill;
			productName = TechflixAndChill;
			productReference = C3A41F891CC92B8A00EFEE93 /* TechflixAndChill.app */;
			productType = "com.apple.product-type.application";
		};
		C3A41F9C1CC92B8A00EFEE93 /* TechflixAndChillTests */ = {
			isa = PBXNativeTarget;
			buildConfigurationList = C3A41FB41CC92B8A00EFEE93 /* Build configuration list for PBXNativeTarget "TechflixAndChillTests" */;
			buildPhases = (
				C3A41F991CC92B8A00EFEE93 /* Sources */,
				C3A41F9A1CC92B8A00EFEE93 /* Frameworks */,
				C3A41F9B1CC92B8A00EFEE93 /* Resources */,
			);
			buildRules = (
			);
			dependencies = (
				C3A41F9F1CC92B8A00EFEE93 /* PBXTargetDependency */,
			);
			name = TechflixAndChillTests;
			productName = TechflixAndChillTests;
			productReference = C3A41F9D1CC92B8A00EFEE93 /* TechflixAndChillTests.xctest */;
			productType = "com.apple.product-type.bundle.unit-test";
		};
		C3A41FA71CC92B8A00EFEE93 /* TechflixAndChillUITests */ = {
			isa = PBXNativeTarget;
			buildConfigurationList = C3A41FB71CC92B8A00EFEE93 /* Build configuration list for PBXNativeTarget "TechflixAndChillUITests" */;
			buildPhases = (
				C3A41FA41CC92B8A00EFEE93 /* Sources */,
				C3A41FA51CC92B8A00EFEE93 /* Frameworks */,
				C3A41FA61CC92B8A00EFEE93 /* Resources */,
			);
			buildRules = (
			);
			dependencies = (
				C3A41FAA1CC92B8A00EFEE93 /* PBXTargetDependency */,
			);
			name = TechflixAndChillUITests;
			productName = TechflixAndChillUITests;
			productReference = C3A41FA81CC92B8A00EFEE93 /* TechflixAndChillUITests.xctest */;
			productType = "com.apple.product-type.bundle.ui-testing";
		};
/* End PBXNativeTarget section */

/* Begin PBXProject section */
		C3A41F811CC92B8A00EFEE93 /* Project object */ = {
			isa = PBXProject;
			attributes = {
				LastSwiftUpdateCheck = 0730;
				LastUpgradeCheck = 0730;
				ORGANIZATIONNAME = "Scott Higgins";
				TargetAttributes = {
					C3A41F881CC92B8A00EFEE93 = {
						CreatedOnToolsVersion = 7.3;
						DevelopmentTeam = WCVF47W522;
					};
					C3A41F9C1CC92B8A00EFEE93 = {
						CreatedOnToolsVersion = 7.3;
						DevelopmentTeam = WCVF47W522;
						TestTargetID = C3A41F881CC92B8A00EFEE93;
					};
					C3A41FA71CC92B8A00EFEE93 = {
						CreatedOnToolsVersion = 7.3;
						DevelopmentTeam = WCVF47W522;
						TestTargetID = C3A41F881CC92B8A00EFEE93;
					};
				};
			};
			buildConfigurationList = C3A41F841CC92B8A00EFEE93 /* Build configuration list for PBXProject "TechflixAndChill" */;
			compatibilityVersion = "Xcode 3.2";
			developmentRegion = English;
			hasScannedForEncodings = 0;
			knownRegions = (
				en,
				Base,
			);
			mainGroup = C3A41F801CC92B8A00EFEE93;
			productRefGroup = C3A41F8A1CC92B8A00EFEE93 /* Products */;
			projectDirPath = "";
			projectRoot = "";
			targets = (
				C3A41F881CC92B8A00EFEE93 /* TechflixAndChill */,
				C3A41F9C1CC92B8A00EFEE93 /* TechflixAndChillTests */,
				C3A41FA71CC92B8A00EFEE93 /* TechflixAndChillUITests */,
			);
		};
/* End PBXProject section */

/* Begin PBXResourcesBuildPhase section */
		C3A41F871CC92B8A00EFEE93 /* Resources */ = {
			isa = PBXResourcesBuildPhase;
			buildActionMask = 2147483647;
			files = (
				C3A41F971CC92B8A00EFEE93 /* LaunchScreen.storyboard in Resources */,
				C3A41F941CC92B8A00EFEE93 /* Assets.xcassets in Resources */,
				C3A41F921CC92B8A00EFEE93 /* Main.storyboard in Resources */,
			);
			runOnlyForDeploymentPostprocessing = 0;
		};
		C3A41F9B1CC92B8A00EFEE93 /* Resources */ = {
			isa = PBXResourcesBuildPhase;
			buildActionMask = 2147483647;
			files = (
			);
			runOnlyForDeploymentPostprocessing = 0;
		};
		C3A41FA61CC92B8A00EFEE93 /* Resources */ = {
			isa = PBXResourcesBuildPhase;
			buildActionMask = 2147483647;
			files = (
			);
			runOnlyForDeploymentPostprocessing = 0;
		};
/* End PBXResourcesBuildPhase section */

/* Begin PBXSourcesBuildPhase section */
		C3A41F851CC92B8A00EFEE93 /* Sources */ = {
			isa = PBXSourcesBuildPhase;
			buildActionMask = 2147483647;
			files = (
				C3A41F8F1CC92B8A00EFEE93 /* ViewController.swift in Sources */,
				C3A41F8D1CC92B8A00EFEE93 /* AppDelegate.swift in Sources */,
			);
			runOnlyForDeploymentPostprocessing = 0;
		};
		C3A41F991CC92B8A00EFEE93 /* Sources */ = {
			isa = PBXSourcesBuildPhase;
			buildActionMask = 2147483647;
			files = (
				C3A41FA21CC92B8A00EFEE93 /* TechflixAndChillTests.swift in Sources */,
			);
			runOnlyForDeploymentPostprocessing = 0;
		};
		C3A41FA41CC92B8A00EFEE93 /* Sources */ = {
			isa = PBXSourcesBuildPhase;
			buildActionMask = 2147483647;
			files = (
				C3A41FAD1CC92B8A00EFEE93 /* TechflixAndChillUITests.swift in Sources */,
			);
			runOnlyForDeploymentPostprocessing = 0;
		};
/* End PBXSourcesBuildPhase section */

/* Begin PBXTargetDependency section */
		C3A41F9F1CC92B8A00EFEE93 /* PBXTargetDependency */ = {
			isa = PBXTargetDependency;
			target = C3A41F881CC92B8A00EFEE93 /* TechflixAndChill */;
			targetProxy = C3A41F9E1CC92B8A00EFEE93 /* PBXContainerItemProxy */;
		};
		C3A41FAA1CC92B8A00EFEE93 /* PBXTargetDependency */ = {
			isa = PBXTargetDependency;
			target = C3A41F881CC92B8A00EFEE93 /* TechflixAndChill */;
			targetProxy = C3A41FA91CC92B8A00EFEE93 /* PBXContainerItemProxy */;
		};
/* End PBXTargetDependency section */

/* Begin PBXVariantGroup section */
		C3A41F901CC92B8A00EFEE93 /* Main.storyboard */ = {
			isa = PBXVariantGroup;
			children = (
				C3A41F911CC92B8A00EFEE93 /* Base */,
			);
			name = Main.storyboard;
			sourceTree = "<group>";
		};
		C3A41F951CC92B8A00EFEE93 /* LaunchScreen.storyboard */ = {
			isa = PBXVariantGroup;
			children = (
				C3A41F961CC92B8A00EFEE93 /* Base */,
			);
			name = LaunchScreen.storyboard;
			sourceTree = "<group>";
		};
/* End PBXVariantGroup section */

/* Begin XCBuildConfiguration section */
		C3A41FAF1CC92B8A00EFEE93 /* Debug */ = {
			isa = XCBuildConfiguration;
			buildSettings = {
				ALWAYS_SEARCH_USER_PATHS = NO;
				CLANG_ANALYZER_NONNULL = YES;
				CLANG_CXX_LANGUAGE_STANDARD = "gnu++0x";
				CLANG_CXX_LIBRARY = "libc++";
				CLANG_ENABLE_MODULES = YES;
				CLANG_ENABLE_OBJC_ARC = YES;
				CLANG_WARN_BOOL_CONVERSION = YES;
				CLANG_WARN_CONSTANT_CONVERSION = YES;
				CLANG_WARN_DIRECT_OBJC_ISA_USAGE = YES_ERROR;
				CLANG_WARN_EMPTY_BODY = YES;
				CLANG_WARN_ENUM_CONVERSION = YES;
				CLANG_WARN_INT_CONVERSION = YES;
				CLANG_WARN_OBJC_ROOT_CLASS = YES_ERROR;
				CLANG_WARN_UNREACHABLE_CODE = YES;
				CLANG_WARN__DUPLICATE_METHOD_MATCH = YES;
				"CODE_SIGN_IDENTITY[sdk=iphoneos*]" = "iPhone Developer";
				COPY_PHASE_STRIP = NO;
				DEBUG_INFORMATION_FORMAT = dwarf;
				ENABLE_STRICT_OBJC_MSGSEND = YES;
				ENABLE_TESTABILITY = YES;
				GCC_C_LANGUAGE_STANDARD = gnu99;
				GCC_DYNAMIC_NO_PIC = NO;
				GCC_NO_COMMON_BLOCKS = YES;
				GCC_OPTIMIZATION_LEVEL = 0;
				GCC_PREPROCESSOR_DEFINITIONS = (
					"DEBUG=1",
					"$(inherited)",
				);
				GCC_WARN_64_TO_32_BIT_CONVERSION = YES;
				GCC_WARN_ABOUT_RETURN_TYPE = YES_ERROR;
				GCC_WARN_UNDECLARED_SELECTOR = YES;
				GCC_WARN_UNINITIALIZED_AUTOS = YES_AGGRESSIVE;
				GCC_WARN_UNUSED_FUNCTION = YES;
				GCC_WARN_UNUSED_VARIABLE = YES;
				IPHONEOS_DEPLOYMENT_TARGET = 9.3;
				MTL_ENABLE_DEBUG_INFO = YES;
				ONLY_ACTIVE_ARCH = YES;
				SDKROOT = iphoneos;
				SWIFT_OPTIMIZATION_LEVEL = "-Onone";
			};
			name = Debug;
		};
		C3A41FB01CC92B8A00EFEE93 /* Release */ = {
			isa = XCBuildConfiguration;
			buildSettings = {
				ALWAYS_SEARCH_USER_PATHS = NO;
				CLANG_ANALYZER_NONNULL = YES;
				CLANG_CXX_LANGUAGE_STANDARD = "gnu++0x";
				CLANG_CXX_LIBRARY = "libc++";
				CLANG_ENABLE_MODULES = YES;
				CLANG_ENABLE_OBJC_ARC = YES;
				CLANG_WARN_BOOL_CONVERSION = YES;
				CLANG_WARN_CONSTANT_CONVERSION = YES;
				CLANG_WARN_DIRECT_OBJC_ISA_USAGE = YES_ERROR;
				CLANG_WARN_EMPTY_BODY = YES;
				CLANG_WARN_ENUM_CONVERSION = YES;
				CLANG_WARN_INT_CONVERSION = YES;
				CLANG_WARN_OBJC_ROOT_CLASS = YES_ERROR;
				CLANG_WARN_UNREACHABLE_CODE = YES;
				CLANG_WARN__DUPLICATE_METHOD_MATCH = YES;
				"CODE_SIGN_IDENTITY[sdk=iphoneos*]" = "iPhone Developer";
				COPY_PHASE_STRIP = NO;
				DEBUG_INFORMATION_FORMAT = "dwarf-with-dsym";
				ENABLE_NS_ASSERTIONS = NO;
				ENABLE_STRICT_OBJC_MSGSEND = YES;
				GCC_C_LANGUAGE_STANDARD = gnu99;
				GCC_NO_COMMON_BLOCKS = YES;
				GCC_WARN_64_TO_32_BIT_CONVERSION = YES;
				GCC_WARN_ABOUT_RETURN_TYPE = YES_ERROR;
				GCC_WARN_UNDECLARED_SELECTOR = YES;
				GCC_WARN_UNINITIALIZED_AUTOS = YES_AGGRESSIVE;
				GCC_WARN_UNUSED_FUNCTION = YES;
				GCC_WARN_UNUSED_VARIABLE = YES;
				IPHONEOS_DEPLOYMENT_TARGET = 9.3;
				MTL_ENABLE_DEBUG_INFO = NO;
				SDKROOT = iphoneos;
				VALIDATE_PRODUCT = YES;
			};
			name = Release;
		};
		C3A41FB21CC92B8A00EFEE93 /* Debug */ = {
			isa = XCBuildConfiguration;
			buildSettings = {
				ASSETCATALOG_COMPILER_APPICON_NAME = AppIcon;
				INFOPLIST_FILE = TechflixAndChill/Info.plist;
				LD_RUNPATH_SEARCH_PATHS = "$(inherited) @executable_path/Frameworks";
				PRODUCT_BUNDLE_IDENTIFIER = edu.gatech.higgins.scott.TechflixAndChill;
				PRODUCT_NAME = "$(TARGET_NAME)";
			};
			name = Debug;
		};
		C3A41FB31CC92B8A00EFEE93 /* Release */ = {
			isa = XCBuildConfiguration;
			buildSettings = {
				ASSETCATALOG_COMPILER_APPICON_NAME = AppIcon;
				INFOPLIST_FILE = TechflixAndChill/Info.plist;
				LD_RUNPATH_SEARCH_PATHS = "$(inherited) @executable_path/Frameworks";
				PRODUCT_BUNDLE_IDENTIFIER = edu.gatech.higgins.scott.TechflixAndChill;
				PRODUCT_NAME = "$(TARGET_NAME)";
			};
			name = Release;
		};
		C3A41FB51CC92B8A00EFEE93 /* Debug */ = {
			isa = XCBuildConfiguration;
			buildSettings = {
				BUNDLE_LOADER = "$(TEST_HOST)";
				INFOPLIST_FILE = TechflixAndChillTests/Info.plist;
				LD_RUNPATH_SEARCH_PATHS = "$(inherited) @executable_path/Frameworks @loader_path/Frameworks";
				PRODUCT_BUNDLE_IDENTIFIER = edu.gatech.higgins.scott.TechflixAndChillTests;
				PRODUCT_NAME = "$(TARGET_NAME)";
				TEST_HOST = "$(BUILT_PRODUCTS_DIR)/TechflixAndChill.app/TechflixAndChill";
			};
			name = Debug;
		};
		C3A41FB61CC92B8A00EFEE93 /* Release */ = {
			isa = XCBuildConfiguration;
			buildSettings = {
				BUNDLE_LOADER = "$(TEST_HOST)";
				INFOPLIST_FILE = TechflixAndChillTests/Info.plist;
				LD_RUNPATH_SEARCH_PATHS = "$(inherited) @executable_path/Frameworks @loader_path/Frameworks";
				PRODUCT_BUNDLE_IDENTIFIER = edu.gatech.higgins.scott.TechflixAndChillTests;
				PRODUCT_NAME = "$(TARGET_NAME)";
				TEST_HOST = "$(BUILT_PRODUCTS_DIR)/TechflixAndChill.app/TechflixAndChill";
			};
			name = Release;
		};
		C3A41FB81CC92B8A00EFEE93 /* Debug */ = {
			isa = XCBuildConfiguration;
			buildSettings = {
				INFOPLIST_FILE = TechflixAndChillUITests/Info.plist;
				LD_RUNPATH_SEARCH_PATHS = "$(inherited) @executable_path/Frameworks @loader_path/Frameworks";
				PRODUCT_BUNDLE_IDENTIFIER = edu.gatech.higgins.scott.TechflixAndChillUITests;
				PRODUCT_NAME = "$(TARGET_NAME)";
				TEST_TARGET_NAME = TechflixAndChill;
			};
			name = Debug;
		};
		C3A41FB91CC92B8A00EFEE93 /* Release */ = {
			isa = XCBuildConfiguration;
			buildSettings = {
				INFOPLIST_FILE = TechflixAndChillUITests/Info.plist;
				LD_RUNPATH_SEARCH_PATHS = "$(inherited) @executable_path/Frameworks @loader_path/Frameworks";
				PRODUCT_BUNDLE_IDENTIFIER = edu.gatech.higgins.scott.TechflixAndChillUITests;
				PRODUCT_NAME = "$(TARGET_NAME)";
				TEST_TARGET_NAME = TechflixAndChill;
			};
			name = Release;
		};
/* End XCBuildConfiguration section */

/* Begin XCConfigurationList section */
		C3A41F841CC92B8A00EFEE93 /* Build configuration list for PBXProject "TechflixAndChill" */ = {
			isa = XCConfigurationList;
			buildConfigurations = (
				C3A41FAF1CC92B8A00EFEE93 /* Debug */,
				C3A41FB01CC92B8A00EFEE93 /* Release */,
			);
			defaultConfigurationIsVisible = 0;
			defaultConfigurationName = Release;
		};
		C3A41FB11CC92B8A00EFEE93 /* Build configuration list for PBXNativeTarget "TechflixAndChill" */ = {
			isa = XCConfigurationList;
			buildConfigurations = (
				C3A41FB21CC92B8A00EFEE93 /* Debug */,
				C3A41FB31CC92B8A00EFEE93 /* Release */,
			);
			defaultConfigurationIsVisible = 0;
		};
		C3A41FB41CC92B8A00EFEE93 /* Build configuration list for PBXNativeTarget "TechflixAndChillTests" */ = {
			isa = XCConfigurationList;
			buildConfigurations = (
				C3A41FB51CC92B8A00EFEE93 /* Debug */,
				C3A41FB61CC92B8A00EFEE93 /* Release */,
			);
			defaultConfigurationIsVisible = 0;
		};
		C3A41FB71CC92B8A00EFEE93 /* Build configuration list for PBXNativeTarget "TechflixAndChillUITests" */ = {
			isa = XCConfigurationList;
			buildConfigurations = (
				C3A41FB81CC92B8A00EFEE93 /* Debug */,
				C3A41FB91CC92B8A00EFEE93 /* Release */,
			);
			defaultConfigurationIsVisible = 0;
		};
/* End XCConfigurationList section */
	};
	rootObject = C3A41F811CC92B8A00EFEE93 /* Project object */;
}
